PODS:
  - BGFMDB-Privacy (1.0.0):
    - BGFMDB-Privacy/BG (= 1.0.0)
  - BGFMDB-Privacy/BG (1.0.0):
    - FMDB (~> 2.7.10)
  - FMDB (2.7.10):
    - FMDB/standard (= 2.7.10)
  - FMDB/standard (2.7.10)

DEPENDENCIES:
  - BGFMDB-Privacy (~> 1.0.0)

SPEC REPOS:
  https://github.com/CocoaPods/Specs.git:
    - FMDB
  https://github.com/yuemoj/BGFMDB.git:
    - BGFMDB-Privacy

SPEC CHECKSUMS:
  BGFMDB-Privacy: a669a1827a78f1bc5a039575051640eee1e494e4
  FMDB: eae540775bf7d0c87a5af926ae37af69effe5a19

PODFILE CHECKSUM: db056232a2f7d04778036fa72ad7d3473495b102

COCOAPODS: 1.14.3
